
Microsoft Visual Studio Solution File, Format Version 12.00
# Visual Studio Version 17
VisualStudioVersion = 17.7.34202.233
MinimumVisualStudioVersion = 10.0.40219.1
Project("{FAE04EC0-301F-11D3-BF4B-00C04F79EFBC}") = "Practice01", "Practice01\Practice01.csproj", "{8FA0B813-7902-45C3-AB0A-28C08AD6AC1B}"
EndProject
Global
	GlobalSection(SolutionConfigurationPlatforms) = preSolution
		Debug|Any CPU = Debug|Any CPU
		Release|Any CPU = Release|Any CPU
	EndGlobalSection
	GlobalSection(ProjectConfigurationPlatforms) = postSolution
		{8FA0B813-7902-45C3-AB0A-28C08AD6AC1B}.Debug|Any CPU.ActiveCfg = Debug|Any CPU
		{8FA0B813-7902-45C3-AB0A-28C08AD6AC1B}.Debug|Any CPU.Build.0 = Debug|Any CPU
		{8FA0B813-7902-45C3-AB0A-28C08AD6AC1B}.Release|Any CPU.ActiveCfg = Release|Any CPU
		{8FA0B813-7902-45C3-AB0A-28C08AD6AC1B}.Release|Any CPU.Build.0 = Release|Any CPU
	EndGlobalSection
	GlobalSection(SolutionProperties) = preSolution
		HideSolutionNode = FALSE
	EndGlobalSection
	GlobalSection(ExtensibilityGlobals) = postSolution
		SolutionGuid = {63EA0DA7-F916-458C-B274-7D6C516B8A38}
	EndGlobalSection
EndGlobal
